Microsoft Visual Studio Solution File, Format Version 8.00
Project("{8BC9CEB8-8B4A-11D0-8D11-00A0C91BC942}") = "hardcount", "hardcount.vcproj", "{BDF1E5A7-6A16-4DDF-964A-6F6B197DB276}"
	ProjectSection(ProjectDependencies) = postProject
	EndProjectSection
EndProject
Global
	GlobalSection(SolutionConfiguration) = preSolution
		Debug = Debug
		Release = Release
	EndGlobalSection
	GlobalSection(ProjectConfiguration) = postSolution
		{BDF1E5A7-6A16-4DDF-964A-6F6B197DB276}.Debug.ActiveCfg = Debug|Win32
		{BDF1E5A7-6A16-4DDF-964A-6F6B197DB276}.Debug.Build.0 = Debug|Win32
		{BDF1E5A7-6A16-4DDF-964A-6F6B197DB276}.Release.ActiveCfg = Release|Win32
		{BDF1E5A7-6A16-4DDF-964A-6F6B197DB276}.Release.Build.0 = Release|Win32
	EndGlobalSection
	GlobalSection(ExtensibilityGlobals) = postSolution
	EndGlobalSection
	GlobalSection(ExtensibilityAddIns) = postSolution
	EndGlobalSection
EndGlobal
